
Microsoft Visual Studio Solution File, Format Version 12.00
# Visual Studio Version 17
VisualStudioVersion = 17.0.31903.59
MinimumVisualStudioVersion = 10.0.40219.1
Project("{FAE04EC0-301F-11D3-BF4B-00C04F79EFBC}") = "MY_PROJECT", "MY_PROJECT\MY_PROJECT.csproj", "{8A0C03C3-C0D4-43AD-AE2F-5E56F1F4781B}"
EndProject
Global
	GlobalSection(SolutionConfigurationPlatforms) = preSolution
		Debug|Any CPU = Debug|Any CPU
		Release|Any CPU = Release|Any CPU
	EndGlobalSection
	GlobalSection(ProjectConfigurationPlatforms) = postSolution
		{8A0C03C3-C0D4-43AD-AE2F-5E56F1F4781B}.Debug|Any CPU.ActiveCfg = Debug|Any CPU
		{8A0C03C3-C0D4-43AD-AE2F-5E56F1F4781B}.Debug|Any CPU.Build.0 = Debug|Any CPU
		{8A0C03C3-C0D4-43AD-AE2F-5E56F1F4781B}.Release|Any CPU.ActiveCfg = Release|Any CPU
		{8A0C03C3-C0D4-43AD-AE2F-5E56F1F4781B}.Release|Any CPU.Build.0 = Release|Any CPU
	EndGlobalSection
	GlobalSection(SolutionProperties) = preSolution
		HideSolutionNode = FALSE
	EndGlobalSection
	GlobalSection(ExtensibilityGlobals) = postSolution
		SolutionGuid = {FAA97627-052D-4E5D-9B28-FFCF0C7EF171}
	EndGlobalSection
EndGlobal
